
Microsoft Visual Studio Solution File, Format Version 12.00
# Visual Studio Version 16
VisualStudioVersion = 16.0.31911.196
MinimumVisualStudioVersion = 10.0.40219.1
Project("{FAE04EC0-301F-11D3-BF4B-00C04F79EFBC}") = "proyecto9.7", "proyecto9.7\proyecto9.7.csproj", "{2DD396A3-F2C3-4736-BEA1-56CA2471507E}"
EndProject
Global
	GlobalSection(SolutionConfigurationPlatforms) = preSolution
		Debug|Any CPU = Debug|Any CPU
		Release|Any CPU = Release|Any CPU
	EndGlobalSection
	GlobalSection(ProjectConfigurationPlatforms) = postSolution
		{2DD396A3-F2C3-4736-BEA1-56CA2471507E}.Debug|Any CPU.ActiveCfg = Debug|Any CPU
		{2DD396A3-F2C3-4736-BEA1-56CA2471507E}.Debug|Any CPU.Build.0 = Debug|Any CPU
		{2DD396A3-F2C3-4736-BEA1-56CA2471507E}.Release|Any CPU.ActiveCfg = Release|Any CPU
		{2DD396A3-F2C3-4736-BEA1-56CA2471507E}.Release|Any CPU.Build.0 = Release|Any CPU
	EndGlobalSection
	GlobalSection(SolutionProperties) = preSolution
		HideSolutionNode = FALSE
	EndGlobalSection
	GlobalSection(ExtensibilityGlobals) = postSolution
		SolutionGuid = {B45E3C76-0BA2-4B12-AC77-18FD83BB82C9}
	EndGlobalSection
EndGlobal
